
Microsoft Visual Studio Solution File, Format Version 12.00
# Visual Studio Version 17
VisualStudioVersion = 17.3.32819.101
MinimumVisualStudioVersion = 10.0.40219.1
Project("{FAE04EC0-301F-11D3-BF4B-00C04F79EFBC}") = "SteeltoeWebApplication", "SteeltoeWebApplication\SteeltoeWebApplication.csproj", "{40475112-82B8-4226-A437-EE7A5A159F74}"
EndProject
Global
	GlobalSection(SolutionConfigurationPlatforms) = preSolution
		Debug|Any CPU = Debug|Any CPU
		Release|Any CPU = Release|Any CPU
	EndGlobalSection
	GlobalSection(ProjectConfigurationPlatforms) = postSolution
		{40475112-82B8-4226-A437-EE7A5A159F74}.Debug|Any CPU.ActiveCfg = Debug|Any CPU
		{40475112-82B8-4226-A437-EE7A5A159F74}.Debug|Any CPU.Build.0 = Debug|Any CPU
		{40475112-82B8-4226-A437-EE7A5A159F74}.Release|Any CPU.ActiveCfg = Release|Any CPU
		{40475112-82B8-4226-A437-EE7A5A159F74}.Release|Any CPU.Build.0 = Release|Any CPU
	EndGlobalSection
	GlobalSection(SolutionProperties) = preSolution
		HideSolutionNode = FALSE
	EndGlobalSection
	GlobalSection(ExtensibilityGlobals) = postSolution
		SolutionGuid = {C72B0713-897F-4D2B-9FFA-F71F326F6858}
	EndGlobalSection
EndGlobal
